
Microsoft Visual Studio Solution File, Format Version 12.00
# Visual Studio Version 16
VisualStudioVersion = 16.0.31605.320
MinimumVisualStudioVersion = 10.0.40219.1
Project("{9A19103F-16F7-4668-BE54-9A1E7A4F7556}") = "Enviando_email", "Enviando_email\Enviando_email.csproj", "{BBE93482-2380-401C-882A-A96B286F7E0A}"
EndProject
Global
	GlobalSection(SolutionConfigurationPlatforms) = preSolution
		Debug|Any CPU = Debug|Any CPU
		Release|Any CPU = Release|Any CPU
	EndGlobalSection
	GlobalSection(ProjectConfigurationPlatforms) = postSolution
		{BBE93482-2380-401C-882A-A96B286F7E0A}.Debug|Any CPU.ActiveCfg = Debug|Any CPU
		{BBE93482-2380-401C-882A-A96B286F7E0A}.Debug|Any CPU.Build.0 = Debug|Any CPU
		{BBE93482-2380-401C-882A-A96B286F7E0A}.Release|Any CPU.ActiveCfg = Release|Any CPU
		{BBE93482-2380-401C-882A-A96B286F7E0A}.Release|Any CPU.Build.0 = Release|Any CPU
	EndGlobalSection
	GlobalSection(SolutionProperties) = preSolution
		HideSolutionNode = FALSE
	EndGlobalSection
	GlobalSection(ExtensibilityGlobals) = postSolution
		SolutionGuid = {ED441FC0-E23B-4D15-A7B3-2AB1EEB55909}
	EndGlobalSection
EndGlobal
